
Microsoft Visual Studio Solution File, Format Version 12.00
# Visual Studio Version 16
VisualStudioVersion = 16.0.30907.101
MinimumVisualStudioVersion = 10.0.40219.1
Project("{FAE04EC0-301F-11D3-BF4B-00C04F79EFBC}") = "StressLessApp.Android", "StressLessApp\StressLessApp.Android\StressLessApp.Android.csproj", "{D497415D-246E-452D-AAC8-E0EC35FD18BF}"
EndProject
Project("{FAE04EC0-301F-11D3-BF4B-00C04F79EFBC}") = "StressLessApp", "StressLessApp\StressLessApp\StressLessApp.csproj", "{9B40775A-374A-45D0-A331-9375D1B06DF6}"
EndProject
Global
	GlobalSection(SolutionConfigurationPlatforms) = preSolution
		Debug|Any CPU = Debug|Any CPU
		Release|Any CPU = Release|Any CPU
	EndGlobalSection
	GlobalSection(ProjectConfigurationPlatforms) = postSolution
		{D497415D-246E-452D-AAC8-E0EC35FD18BF}.Debug|Any CPU.ActiveCfg = Debug|Any CPU
		{D497415D-246E-452D-AAC8-E0EC35FD18BF}.Debug|Any CPU.Build.0 = Debug|Any CPU
		{D497415D-246E-452D-AAC8-E0EC35FD18BF}.Debug|Any CPU.Deploy.0 = Debug|Any CPU
		{D497415D-246E-452D-AAC8-E0EC35FD18BF}.Release|Any CPU.ActiveCfg = Release|Any CPU
		{D497415D-246E-452D-AAC8-E0EC35FD18BF}.Release|Any CPU.Build.0 = Release|Any CPU
		{D497415D-246E-452D-AAC8-E0EC35FD18BF}.Release|Any CPU.Deploy.0 = Release|Any CPU
		{9B40775A-374A-45D0-A331-9375D1B06DF6}.Debug|Any CPU.ActiveCfg = Debug|Any CPU
		{9B40775A-374A-45D0-A331-9375D1B06DF6}.Debug|Any CPU.Build.0 = Debug|Any CPU
		{9B40775A-374A-45D0-A331-9375D1B06DF6}.Release|Any CPU.ActiveCfg = Release|Any CPU
		{9B40775A-374A-45D0-A331-9375D1B06DF6}.Release|Any CPU.Build.0 = Release|Any CPU
	EndGlobalSection
	GlobalSection(SolutionProperties) = preSolution
		HideSolutionNode = FALSE
	EndGlobalSection
	GlobalSection(ExtensibilityGlobals) = postSolution
		SolutionGuid = {AB7EEFE0-B682-4A26-AF2C-0B693429A157}
	EndGlobalSection
EndGlobal
